// !$*UTF8*$!
{
	archiveVersion = 1;
	classes = {
	};
	objectVersion = 46;
	objects = {

/* Begin PBXBuildFile section */
		BC7E18AF1E695430008CAF9A /* AppKit.framework in Frameworks */ = {isa = PBXBuildFile; fileRef = BC7E188D1E6952BF008CAF9A /* AppKit.framework */; };
		BCC2D17E1E69547C006DA46A /* Foundation.framework in Frameworks */ = {isa = PBXBuildFile; fileRef = BCC2D17D1E69547C006DA46A /* Foundation.framework */; };
		BCC2D1801E695487006DA46A /* Cocoa.framework in Frameworks */ = {isa = PBXBuildFile; fileRef = BC7E18831E69518A008CAF9A /* Cocoa.framework */; };
		BCC2D1811E6954A3006DA46A /* DSCapture.framework in Frameworks */ = {isa = PBXBuildFile; fileRef = BC7E188C1E695221008CAF9A /* DSCapture.framework */; };
		DF8EE2AC14D1BB2E0011BD68 /* InfoPlist.strings in Resources */ = {isa = PBXBuildFile; fileRef = DF8EE2AA14D1BB2E0011BD68 /* InfoPlist.strings */; };
		DF8EE2AE14D1BB2E0011BD68 /* main.m in Sources */ = {isa = PBXBuildFile; fileRef = DF8EE2AD14D1BB2E0011BD68 /* main.m */; };
		DF8EE2B214D1BB2E0011BD68 /* Credits.rtf in Resources */ = {isa = PBXBuildFile; fileRef = DF8EE2B014D1BB2E0011BD68 /* Credits.rtf */; };
		DF8EE2B514D1BB2E0011BD68 /* AppDelegate.m in Sources */ = {isa = PBXBuildFile; fileRef = DF8EE2B414D1BB2E0011BD68 /* AppDelegate.m */; };
		DF8EE2B814D1BB2F0011BD68 /* MainMenu.xib in Resources */ = {isa = PBXBuildFile; fileRef = DF8EE2B614D1BB2F0011BD68 /* MainMenu.xib */; };
/* End PBXBuildFile section */

/* Begin PBXContainerItemProxy section */
		BC7E188B1E695221008CAF9A /* PBXContainerItemProxy */ = {
			isa = PBXContainerItemProxy;
			containerPortal = BC7E18871E695220008CAF9A /* DSCapture.xcodeproj */;
			proxyType = 2;
			remoteGlobalIDString = DF026E7A14E0144500AA9DFD;
			remoteInfo = DSCapture;
		};
/* End PBXContainerItemProxy section */

/* Begin PBXCopyFilesBuildPhase section */
		DF026EC814E0155500AA9DFD /* CopyFiles */ = {
			isa = PBXCopyFilesBuildPhase;
			buildActionMask = 2147483647;
			dstPath = "";
			dstSubfolderSpec = 10;
			files = (
			);
			runOnlyForDeploymentPostprocessing = 0;
		};
/* End PBXCopyFilesBuildPhase section */

/* Begin PBXFileReference section */
		BC7E187D1E695064008CAF9A /* Foundation.framework */ = {isa = PBXFileReference; lastKnownFileType = wrapper.framework; name = Foundation.framework; path = Platforms/iPhoneOS.platform/Developer/SDKs/iPhoneOS10.2.sdk/System/Library/Frameworks/Foundation.framework; sourceTree = DEVELOPER_DIR; };
		BC7E18831E69518A008CAF9A /* Cocoa.framework */ = {isa = PBXFileReference; lastKnownFileType = wrapper.framework; name = Cocoa.framework; path = Platforms/MacOSX.platform/Developer/SDKs/MacOSX10.12.sdk/System/Library/Frameworks/Cocoa.framework; sourceTree = DEVELOPER_DIR; };
		BC7E18851E69518F008CAF9A /* CoreFoundation.framework */ = {isa = PBXFileReference; lastKnownFileType = wrapper.framework; name = CoreFoundation.framework; path = Platforms/MacOSX.platform/Developer/SDKs/MacOSX10.12.sdk/System/Library/Frameworks/CoreFoundation.framework; sourceTree = DEVELOPER_DIR; };
		BC7E18871E695220008CAF9A /* DSCapture.xcodeproj */ = {isa = PBXFileReference; lastKnownFileType = "wrapper.pb-project"; name = DSCapture.xcodeproj; path = ../DSCapture/DSCapture.xcodeproj; sourceTree = "<group>"; };
		BC7E188D1E6952BF008CAF9A /* AppKit.framework */ = {isa = PBXFileReference; lastKnownFileType = wrapper.framework; name = AppKit.framework; path = Platforms/MacOSX.platform/Developer/SDKs/MacOSX10.12.sdk/System/Library/Frameworks/AppKit.framework; sourceTree = DEVELOPER_DIR; };
		BCC2D17D1E69547C006DA46A /* Foundation.framework */ = {isa = PBXFileReference; lastKnownFileType = wrapper.framework; name = Foundation.framework; path = Platforms/MacOSX.platform/Developer/SDKs/MacOSX10.12.sdk/System/Library/Frameworks/Foundation.framework; sourceTree = DEVELOPER_DIR; };
		DF8EE29D14D1BB2E0011BD68 /* ScreenCaptureTest.app */ = {isa = PBXFileReference; explicitFileType = wrapper.application; includeInIndex = 0; path = ScreenCaptureTest.app; sourceTree = BUILT_PRODUCTS_DIR; };
		DF8EE2A914D1BB2E0011BD68 /* ScreenCaptureTest-Info.plist */ = {isa = PBXFileReference; lastKnownFileType = text.plist.xml; path = "ScreenCaptureTest-Info.plist"; sourceTree = "<group>"; };
		DF8EE2AB14D1BB2E0011BD68 /* en */ = {isa = PBXFileReference; lastKnownFileType = text.plist.strings; name = en; path = en.lproj/InfoPlist.strings; sourceTree = "<group>"; };
		DF8EE2AD14D1BB2E0011BD68 /* main.m */ = {isa = PBXFileReference; lastKnownFileType = sourcecode.c.objc; path = main.m; sourceTree = "<group>"; };
		DF8EE2AF14D1BB2E0011BD68 /* ScreenCaptureTest-Prefix.pch */ = {isa = PBXFileReference; lastKnownFileType = sourcecode.c.h; path = "ScreenCaptureTest-Prefix.pch"; sourceTree = "<group>"; };
		DF8EE2B114D1BB2E0011BD68 /* en */ = {isa = PBXFileReference; lastKnownFileType = text.rtf; name = en; path = en.lproj/Credits.rtf; sourceTree = "<group>"; };
		DF8EE2B314D1BB2E0011BD68 /* AppDelegate.h */ = {isa = PBXFileReference; lastKnownFileType = sourcecode.c.h; path = AppDelegate.h; sourceTree = "<group>"; };
		DF8EE2B414D1BB2E0011BD68 /* AppDelegate.m */ = {isa = PBXFileReference; lastKnownFileType = sourcecode.c.objc; path = AppDelegate.m; sourceTree = "<group>"; };
		DF8EE2B714D1BB2F0011BD68 /* en */ = {isa = PBXFileReference; lastKnownFileType = file.xib; name = en; path = en.lproj/MainMenu.xib; sourceTree = "<group>"; };
/* End PBXFileReference section */

/* Begin PBXFrameworksBuildPhase section */
		DF8EE29A14D1BB2E0011BD68 /* Frameworks */ = {
			isa = PBXFrameworksBuildPhase;
			buildActionMask = 2147483647;
			files = (
				BCC2D1811E6954A3006DA46A /* DSCapture.framework in Frameworks */,
				BCC2D1801E695487006DA46A /* Cocoa.framework in Frameworks */,
				BCC2D17E1E69547C006DA46A /* Foundation.framework in Frameworks */,
				BC7E18AF1E695430008CAF9A /* AppKit.framework in Frameworks */,
			);
			runOnlyForDeploymentPostprocessing = 0;
		};
/* End PBXFrameworksBuildPhase section */

/* Begin PBXGroup section */
		BC7E18881E695220008CAF9A /* Products */ = {
			isa = PBXGroup;
			children = (
				BC7E188C1E695221008CAF9A /* DSCapture.framework */,
			);
			name = Products;
			sourceTree = "<group>";
		};
		DF8EE29214D1BB2E0011BD68 = {
			isa = PBXGroup;
			children = (
				BC7E18871E695220008CAF9A /* DSCapture.xcodeproj */,
				DF8EE2A714D1BB2E0011BD68 /* ScreenCaptureTest */,
				DF8EE2A014D1BB2E0011BD68 /* Frameworks */,
				DF8EE29E14D1BB2E0011BD68 /* Products */,
			);
			sourceTree = "<group>";
		};
		DF8EE29E14D1BB2E0011BD68 /* Products */ = {
			isa = PBXGroup;
			children = (
				DF8EE29D14D1BB2E0011BD68 /* ScreenCaptureTest.app */,
			);
			name = Products;
			sourceTree = "<group>";
		};
		DF8EE2A014D1BB2E0011BD68 /* Frameworks */ = {
			isa = PBXGroup;
			children = (
				BCC2D17D1E69547C006DA46A /* Foundation.framework */,
				BC7E188D1E6952BF008CAF9A /* AppKit.framework */,
				BC7E18851E69518F008CAF9A /* CoreFoundation.framework */,
				BC7E18831E69518A008CAF9A /* Cocoa.framework */,
				BC7E187D1E695064008CAF9A /* Foundation.framework */,
				DF8EE2A314D1BB2E0011BD68 /* Other Frameworks */,
			);
			name = Frameworks;
			sourceTree = "<group>";
		};
		DF8EE2A314D1BB2E0011BD68 /* Other Frameworks */ = {
			isa = PBXGroup;
			children = (
			);
			name = "Other Frameworks";
			sourceTree = "<group>";
		};
		DF8EE2A714D1BB2E0011BD68 /* ScreenCaptureTest */ = {
			isa = PBXGroup;
			children = (
				DF8EE2B314D1BB2E0011BD68 /* AppDelegate.h */,
				DF8EE2B414D1BB2E0011BD68 /* AppDelegate.m */,
				DF8EE2B614D1BB2F0011BD68 /* MainMenu.xib */,
				DF8EE2A814D1BB2E0011BD68 /* Supporting Files */,
			);
			path = ScreenCaptureTest;
			sourceTree = "<group>";
		};
		DF8EE2A814D1BB2E0011BD68 /* Supporting Files */ = {
			isa = PBXGroup;
			children = (
				DF8EE2A914D1BB2E0011BD68 /* ScreenCaptureTest-Info.plist */,
				DF8EE2AA14D1BB2E0011BD68 /* InfoPlist.strings */,
				DF8EE2AD14D1BB2E0011BD68 /* main.m */,
				DF8EE2AF14D1BB2E0011BD68 /* ScreenCaptureTest-Prefix.pch */,
				DF8EE2B014D1BB2E0011BD68 /* Credits.rtf */,
			);
			name = "Supporting Files";
			sourceTree = "<group>";
		};
/* End PBXGroup section */

/* Begin PBXNativeTarget section */
		DF8EE29C14D1BB2E0011BD68 /* ScreenCaptureTest */ = {
			isa = PBXNativeTarget;
			buildConfigurationList = DF8EE2BB14D1BB2F0011BD68 /* Build configuration list for PBXNativeTarget "ScreenCaptureTest" */;
			buildPhases = (
				DF8EE29914D1BB2E0011BD68 /* Sources */,
				DF8EE29A14D1BB2E0011BD68 /* Frameworks */,
				DF8EE29B14D1BB2E0011BD68 /* Resources */,
				DF026EC814E0155500AA9DFD /* CopyFiles */,
			);
			buildRules = (
			);
			dependencies = (
			);
			name = ScreenCaptureTest;
			productName = ScreenCaptureTest;
			productReference = DF8EE29D14D1BB2E0011BD68 /* ScreenCaptureTest.app */;
			productType = "com.apple.product-type.application";
		};
/* End PBXNativeTarget section */

/* Begin PBXProject section */
		DF8EE29414D1BB2E0011BD68 /* Project object */ = {
			isa = PBXProject;
			attributes = {
				LastUpgradeCheck = 0420;
			};
			buildConfigurationList = DF8EE29714D1BB2E0011BD68 /* Build configuration list for PBXProject "ScreenCaptureTest" */;
			compatibilityVersion = "Xcode 3.2";
			developmentRegion = English;
			hasScannedForEncodings = 0;
			knownRegions = (
				en,
			);
			mainGroup = DF8EE29214D1BB2E0011BD68;
			productRefGroup = DF8EE29E14D1BB2E0011BD68 /* Products */;
			projectDirPath = "";
			projectReferences = (
				{
					ProductGroup = BC7E18881E695220008CAF9A /* Products */;
					ProjectRef = BC7E18871E695220008CAF9A /* DSCapture.xcodeproj */;
				},
			);
			projectRoot = "";
			targets = (
				DF8EE29C14D1BB2E0011BD68 /* ScreenCaptureTest */,
			);
		};
/* End PBXProject section */

/* Begin PBXReferenceProxy section */
		BC7E188C1E695221008CAF9A /* DSCapture.framework */ = {
			isa = PBXReferenceProxy;
			fileType = wrapper.framework;
			path = DSCapture.framework;
			remoteRef = BC7E188B1E695221008CAF9A /* PBXContainerItemProxy */;
			sourceTree = BUILT_PRODUCTS_DIR;
		};
/* End PBXReferenceProxy section */

/* Begin PBXResourcesBuildPhase section */
		DF8EE29B14D1BB2E0011BD68 /* Resources */ = {
			isa = PBXResourcesBuildPhase;
			buildActionMask = 2147483647;
			files = (
				DF8EE2AC14D1BB2E0011BD68 /* InfoPlist.strings in Resources */,
				DF8EE2B214D1BB2E0011BD68 /* Credits.rtf in Resources */,
				DF8EE2B814D1BB2F0011BD68 /* MainMenu.xib in Resources */,
			);
			runOnlyForDeploymentPostprocessing = 0;
		};
/* End PBXResourcesBuildPhase section */

/* Begin PBXSourcesBuildPhase section */
		DF8EE29914D1BB2E0011BD68 /* Sources */ = {
			isa = PBXSourcesBuildPhase;
			buildActionMask = 2147483647;
			files = (
				DF8EE2AE14D1BB2E0011BD68 /* main.m in Sources */,
				DF8EE2B514D1BB2E0011BD68 /* AppDelegate.m in Sources */,
			);
			runOnlyForDeploymentPostprocessing = 0;
		};
/* End PBXSourcesBuildPhase section */

/* Begin PBXVariantGroup section */
		DF8EE2AA14D1BB2E0011BD68 /* InfoPlist.strings */ = {
			isa = PBXVariantGroup;
			children = (
				DF8EE2AB14D1BB2E0011BD68 /* en */,
			);
			name = InfoPlist.strings;
			sourceTree = "<group>";
		};
		DF8EE2B014D1BB2E0011BD68 /* Credits.rtf */ = {
			isa = PBXVariantGroup;
			children = (
				DF8EE2B114D1BB2E0011BD68 /* en */,
			);
			name = Credits.rtf;
			sourceTree = "<group>";
		};
		DF8EE2B614D1BB2F0011BD68 /* MainMenu.xib */ = {
			isa = PBXVariantGroup;
			children = (
				DF8EE2B714D1BB2F0011BD68 /* en */,
			);
			name = MainMenu.xib;
			sourceTree = "<group>";
		};
/* End PBXVariantGroup section */

/* Begin XCBuildConfiguration section */
		DF8EE2B914D1BB2F0011BD68 /* Debug */ = {
			isa = XCBuildConfiguration;
			buildSettings = {
				ALWAYS_SEARCH_USER_PATHS = NO;
				ARCHS = "$(ARCHS_STANDARD_32_64_BIT)";
				COPY_PHASE_STRIP = NO;
				GCC_C_LANGUAGE_STANDARD = gnu99;
				GCC_DYNAMIC_NO_PIC = NO;
				GCC_ENABLE_OBJC_EXCEPTIONS = YES;
				GCC_OPTIMIZATION_LEVEL = 0;
				GCC_PREPROCESSOR_DEFINITIONS = (
					"DEBUG=1",
					"$(inherited)",
				);
				GCC_SYMBOLS_PRIVATE_EXTERN = NO;
				GCC_VERSION = com.apple.compilers.llvm.clang.1_0;
				GCC_WARN_64_TO_32_BIT_CONVERSION = YES;
				GCC_WARN_ABOUT_MISSING_PROTOTYPES = YES;
				GCC_WARN_ABOUT_RETURN_TYPE = YES;
				GCC_WARN_UNUSED_VARIABLE = YES;
				ONLY_ACTIVE_ARCH = YES;
				SDKROOT = macosx10.6;
			};
			name = Debug;
		};
		DF8EE2BA14D1BB2F0011BD68 /* Release */ = {
			isa = XCBuildConfiguration;
			buildSettings = {
				ALWAYS_SEARCH_USER_PATHS = NO;
				ARCHS = "$(ARCHS_STANDARD_32_64_BIT)";
				COPY_PHASE_STRIP = YES;
				DEBUG_INFORMATION_FORMAT = "dwarf-with-dsym";
				GCC_C_LANGUAGE_STANDARD = gnu99;
				GCC_ENABLE_OBJC_EXCEPTIONS = YES;
				GCC_VERSION = com.apple.compilers.llvm.clang.1_0;
				GCC_WARN_64_TO_32_BIT_CONVERSION = YES;
				GCC_WARN_ABOUT_MISSING_PROTOTYPES = YES;
				GCC_WARN_ABOUT_RETURN_TYPE = YES;
				GCC_WARN_UNUSED_VARIABLE = YES;
				SDKROOT = macosx10.6;
			};
			name = Release;
		};
		DF8EE2BC14D1BB2F0011BD68 /* Debug */ = {
			isa = XCBuildConfiguration;
			buildSettings = {
				ARCHS = "$(ARCHS_STANDARD)";
				GCC_PRECOMPILE_PREFIX_HEADER = YES;
				GCC_PREFIX_HEADER = "ScreenCaptureTest/ScreenCaptureTest-Prefix.pch";
				INFOPLIST_FILE = "ScreenCaptureTest/ScreenCaptureTest-Info.plist";
				MACOSX_DEPLOYMENT_TARGET = 10.11;
				PRODUCT_NAME = "$(TARGET_NAME)";
				SDKROOT = macosx;
				WRAPPER_EXTENSION = app;
			};
			name = Debug;
		};
		DF8EE2BD14D1BB2F0011BD68 /* Release */ = {
			isa = XCBuildConfiguration;
			buildSettings = {
				ARCHS = "$(ARCHS_STANDARD)";
				GCC_PRECOMPILE_PREFIX_HEADER = YES;
				GCC_PREFIX_HEADER = "ScreenCaptureTest/ScreenCaptureTest-Prefix.pch";
				INFOPLIST_FILE = "ScreenCaptureTest/ScreenCaptureTest-Info.plist";
				MACOSX_DEPLOYMENT_TARGET = 10.11;
				PRODUCT_NAME = "$(TARGET_NAME)";
				SDKROOT = macosx;
				WRAPPER_EXTENSION = app;
			};
			name = Release;
		};
/* End XCBuildConfiguration section */

/* Begin XCConfigurationList section */
		DF8EE29714D1BB2E0011BD68 /* Build configuration list for PBXProject "ScreenCaptureTest" */ = {
			isa = XCConfigurationList;
			buildConfigurations = (
				DF8EE2B914D1BB2F0011BD68 /* Debug */,
				DF8EE2BA14D1BB2F0011BD68 /* Release */,
			);
			defaultConfigurationIsVisible = 0;
			defaultConfigurationName = Release;
		};
		DF8EE2BB14D1BB2F0011BD68 /* Build configuration list for PBXNativeTarget "ScreenCaptureTest" */ = {
			isa = XCConfigurationList;
			buildConfigurations = (
				DF8EE2BC14D1BB2F0011BD68 /* Debug */,
				DF8EE2BD14D1BB2F0011BD68 /* Release */,
			);
			defaultConfigurationIsVisible = 0;
			defaultConfigurationName = Release;
		};
/* End XCConfigurationList section */
	};
	rootObject = DF8EE29414D1BB2E0011BD68 /* Project object */;
}
